{
    "_readme": [
        "This file locks the dependencies of your project to a known state",
        "Read more about it at https://getcomposer.org/doc/01-basic-usage.md#composer-lock-the-lock-file",
        "This file is @generated automatically"
    ],
    "hash": "7444266a1d71697fd59ba4c19e839731",
    "content-hash": "e0219fc61ea708772cccf23e17bed3fc",
    "packages": [
        {
            "name": "pyrsmk/chernozem",
            "version": "3.0.7",
            "source": {
                "type": "git",
                "url": "https://github.com/pyrsmk/Chernozem.git",
                "reference": "d39ffb4122f2a7d918cf491681d4691878d37a93"
            },
            "dist": {
                "type": "zip",
                "url": "https://api.github.com/repos/pyrsmk/Chernozem/zipball/d39ffb4122f2a7d918cf491681d4691878d37a93",
                "reference": "d39ffb4122f2a7d918cf491681d4691878d37a93",
                "shasum": ""
            },
            "require": {
                "php": ">=5.3.0"
            },
            "type": "library",
            "autoload": {
                "psr-0": {
                    "": "src/"
                }
            },
            "notification-url": "https://packagist.org/downloads/",
            "license": [
                "MIT"
            ],
            "authors": [
                {
                    "name": "Aurélien Delogu",
                    "email": "dev@dreamysource.fr",
                    "homepage": "http://dreamysource.fr"
                }
            ],
            "description": "An advanced dependency injection container",
            "keywords": [
                "container",
                "dependency",
                "injection"
            ],
            "time": "2015-09-19 18:17:44"
        }
    ],
    "packages-dev": [],
    "aliases": [],
    "minimum-stability": "stable",
    "stability-flags": [],
    "prefer-stable": false,
    "prefer-lowest": false,
    "platform": {
        "php": ">=5.3.0"
    },
    "platform-dev": []
}
